
Microsoft Visual Studio Solution File, Format Version 12.00
# Visual Studio Version 16
VisualStudioVersion = 16.0.29324.140
MinimumVisualStudioVersion = 10.0.40219.1
Project("{FAE04EC0-301F-11D3-BF4B-00C04F79EFBC}") = "Hw2adonet", "Hw2adonet\Hw2adonet.csproj", "{33ACDB96-10AA-4D23-A2A9-743163878905}"
EndProject
Project("{FAE04EC0-301F-11D3-BF4B-00C04F79EFBC}") = "Table", "Table\Table.csproj", "{5EB6414D-CC08-4F8D-8F2F-0BF95FA284B8}"
EndProject
Global
	GlobalSection(SolutionConfigurationPlatforms) = preSolution
		Debug|Any CPU = Debug|Any CPU
		Release|Any CPU = Release|Any CPU
	EndGlobalSection
	GlobalSection(ProjectConfigurationPlatforms) = postSolution
		{33ACDB96-10AA-4D23-A2A9-743163878905}.Debug|Any CPU.ActiveCfg = Debug|Any CPU
		{33ACDB96-10AA-4D23-A2A9-743163878905}.Debug|Any CPU.Build.0 = Debug|Any CPU
		{33ACDB96-10AA-4D23-A2A9-743163878905}.Release|Any CPU.ActiveCfg = Release|Any CPU
		{33ACDB96-10AA-4D23-A2A9-743163878905}.Release|Any CPU.Build.0 = Release|Any CPU
		{5EB6414D-CC08-4F8D-8F2F-0BF95FA284B8}.Debug|Any CPU.ActiveCfg = Debug|Any CPU
		{5EB6414D-CC08-4F8D-8F2F-0BF95FA284B8}.Debug|Any CPU.Build.0 = Debug|Any CPU
		{5EB6414D-CC08-4F8D-8F2F-0BF95FA284B8}.Release|Any CPU.ActiveCfg = Release|Any CPU
		{5EB6414D-CC08-4F8D-8F2F-0BF95FA284B8}.Release|Any CPU.Build.0 = Release|Any CPU
	EndGlobalSection
	GlobalSection(SolutionProperties) = preSolution
		HideSolutionNode = FALSE
	EndGlobalSection
	GlobalSection(ExtensibilityGlobals) = postSolution
		SolutionGuid = {D6CF1132-8282-478B-954D-66F35FCB85E2}
	EndGlobalSection
EndGlobal
